
Microsoft Visual Studio Solution File, Format Version 12.00
# Visual Studio Version 17
VisualStudioVersion = 17.6.33829.357
MinimumVisualStudioVersion = 10.0.40219.1
Project("{FAE04EC0-301F-11D3-BF4B-00C04F79EFBC}") = "ConsoleAppTDDFizzBuzz", "ConsoleAppTDDFizzBuzz\ConsoleAppTDDFizzBuzz.csproj", "{2DC77C86-2544-4CE5-B822-A7308B4046A5}"
EndProject
Project("{FAE04EC0-301F-11D3-BF4B-00C04F79EFBC}") = "TestProjectFizzBuzz", "TestProjectFizzBuzz\TestProjectFizzBuzz.csproj", "{BA70A45F-9002-4A91-BCBC-97D47742961F}"
EndProject
Project("{FAE04EC0-301F-11D3-BF4B-00C04F79EFBC}") = "ConsoleAppTDDFizzBuzz2", "ConsoleAppTDDFizzBuzz2\ConsoleAppTDDFizzBuzz2.csproj", "{8CDE5918-09A5-48B7-A037-1127C337D812}"
EndProject
Global
	GlobalSection(SolutionConfigurationPlatforms) = preSolution
		Debug|Any CPU = Debug|Any CPU
		Release|Any CPU = Release|Any CPU
	EndGlobalSection
	GlobalSection(ProjectConfigurationPlatforms) = postSolution
		{2DC77C86-2544-4CE5-B822-A7308B4046A5}.Debug|Any CPU.ActiveCfg = Debug|Any CPU
		{2DC77C86-2544-4CE5-B822-A7308B4046A5}.Debug|Any CPU.Build.0 = Debug|Any CPU
		{2DC77C86-2544-4CE5-B822-A7308B4046A5}.Release|Any CPU.ActiveCfg = Release|Any CPU
		{2DC77C86-2544-4CE5-B822-A7308B4046A5}.Release|Any CPU.Build.0 = Release|Any CPU
		{BA70A45F-9002-4A91-BCBC-97D47742961F}.Debug|Any CPU.ActiveCfg = Debug|Any CPU
		{BA70A45F-9002-4A91-BCBC-97D47742961F}.Debug|Any CPU.Build.0 = Debug|Any CPU
		{BA70A45F-9002-4A91-BCBC-97D47742961F}.Release|Any CPU.ActiveCfg = Release|Any CPU
		{BA70A45F-9002-4A91-BCBC-97D47742961F}.Release|Any CPU.Build.0 = Release|Any CPU
		{8CDE5918-09A5-48B7-A037-1127C337D812}.Debug|Any CPU.ActiveCfg = Debug|Any CPU
		{8CDE5918-09A5-48B7-A037-1127C337D812}.Debug|Any CPU.Build.0 = Debug|Any CPU
		{8CDE5918-09A5-48B7-A037-1127C337D812}.Release|Any CPU.ActiveCfg = Release|Any CPU
		{8CDE5918-09A5-48B7-A037-1127C337D812}.Release|Any CPU.Build.0 = Release|Any CPU
	EndGlobalSection
	GlobalSection(SolutionProperties) = preSolution
		HideSolutionNode = FALSE
	EndGlobalSection
	GlobalSection(ExtensibilityGlobals) = postSolution
		SolutionGuid = {6DAB53AB-D46E-4366-A8CC-54655EDFF7B0}
	EndGlobalSection
EndGlobal
